
Microsoft Visual Studio Solution File, Format Version 12.00
# Visual Studio Version 17
VisualStudioVersion = 17.9.34728.123
MinimumVisualStudioVersion = 10.0.40219.1
Project("{FAE04EC0-301F-11D3-BF4B-00C04F79EFBC}") = "OrdersAPI", "OrdersAPI\OrdersAPI.csproj", "{33992A50-47C7-4DA9-A284-25FC05D33A80}"
EndProject
Global
	GlobalSection(SolutionConfigurationPlatforms) = preSolution
		Debug|Any CPU = Debug|Any CPU
		Release|Any CPU = Release|Any CPU
	EndGlobalSection
	GlobalSection(ProjectConfigurationPlatforms) = postSolution
		{33992A50-47C7-4DA9-A284-25FC05D33A80}.Debug|Any CPU.ActiveCfg = Debug|Any CPU
		{33992A50-47C7-4DA9-A284-25FC05D33A80}.Debug|Any CPU.Build.0 = Debug|Any CPU
		{33992A50-47C7-4DA9-A284-25FC05D33A80}.Release|Any CPU.ActiveCfg = Release|Any CPU
		{33992A50-47C7-4DA9-A284-25FC05D33A80}.Release|Any CPU.Build.0 = Release|Any CPU
	EndGlobalSection
	GlobalSection(SolutionProperties) = preSolution
		HideSolutionNode = FALSE
	EndGlobalSection
	GlobalSection(ExtensibilityGlobals) = postSolution
		SolutionGuid = {DFD2A19A-E537-4141-80AC-E85DF2EC9514}
	EndGlobalSection
EndGlobal
